
Microsoft Visual Studio Solution File, Format Version 12.00
# Visual Studio Version 17
VisualStudioVersion = 17.14.36310.24 d17.14
MinimumVisualStudioVersion = 10.0.40219.1
Project("{FAE04EC0-301F-11D3-BF4B-00C04F79EFBC}") = "APIGatewayService", "APIGatewayService\APIGatewayService.csproj", "{284DC71E-3D45-4681-8F8A-DAB7579FC12D}"
EndProject
Global
	GlobalSection(SolutionConfigurationPlatforms) = preSolution
		Debug|Any CPU = Debug|Any CPU
		Release|Any CPU = Release|Any CPU
	EndGlobalSection
	GlobalSection(ProjectConfigurationPlatforms) = postSolution
		{284DC71E-3D45-4681-8F8A-DAB7579FC12D}.Debug|Any CPU.ActiveCfg = Debug|Any CPU
		{284DC71E-3D45-4681-8F8A-DAB7579FC12D}.Debug|Any CPU.Build.0 = Debug|Any CPU
		{284DC71E-3D45-4681-8F8A-DAB7579FC12D}.Release|Any CPU.ActiveCfg = Release|Any CPU
		{284DC71E-3D45-4681-8F8A-DAB7579FC12D}.Release|Any CPU.Build.0 = Release|Any CPU
	EndGlobalSection
	GlobalSection(SolutionProperties) = preSolution
		HideSolutionNode = FALSE
	EndGlobalSection
	GlobalSection(ExtensibilityGlobals) = postSolution
		SolutionGuid = {5D36B7C6-EEF2-4106-9946-C17CD258F9A9}
	EndGlobalSection
EndGlobal
